{
    "_readme": [
        "This file locks the dependencies of your project to a known state",
        "Read more about it at https://getcomposer.org/doc/01-basic-usage.md#installing-dependencies",
        "This file is @generated automatically"
    ],
    "content-hash": "2e5f037a2e2665bd0fda9436b6e51d39",
    "packages": [
        {
            "name": "imagine/imagine",
            "version": "1.5.0",
            "source": {
                "type": "git",
                "url": "https://github.com/php-imagine/Imagine.git",
                "reference": "80ab21434890dee9ba54969d31c51ac8d4d551e0"
            },
            "dist": {
                "type": "zip",
                "url": "https://api.github.com/repos/php-imagine/Imagine/zipball/80ab21434890dee9ba54969d31c51ac8d4d551e0",
                "reference": "80ab21434890dee9ba54969d31c51ac8d4d551e0",
                "shasum": ""
            },
            "require": {
                "php": ">=7.1"
            },
            "require-dev": {
                "phpunit/phpunit": "^4.8 || ^5.7 || ^6.5 || ^7.5 || ^8.4 || ^9.3"
            },
            "suggest": {
                "ext-exif": "to read EXIF metadata",
                "ext-gd": "to use the GD implementation",
                "ext-gmagick": "to use the Gmagick implementation",
                "ext-imagick": "to use the Imagick implementation"
            },
            "type": "library",
            "extra": {
                "branch-alias": {
                    "dev-develop": "1.x-dev"
                }
            },
            "autoload": {
                "psr-4": {
                    "Imagine\\": "src/"
                }
            },
            "notification-url": "https://packagist.org/downloads/",
            "license": [
                "MIT"
            ],
            "authors": [
                {
                    "name": "Bulat Shakirzyanov",
                    "email": "mallluhuct@gmail.com",
                    "homepage": "http://avalanche123.com"
                }
            ],
            "description": "Image processing for PHP",
            "homepage": "http://imagine.readthedocs.org/",
            "keywords": [
                "drawing",
                "graphics",
                "image manipulation",
                "image processing"
            ],
            "support": {
                "issues": "https://github.com/php-imagine/Imagine/issues",
                "source": "https://github.com/php-imagine/Imagine/tree/1.5.0"
            },
            "time": "2024-12-03T14:37:55+00:00"
        },
        {
            "name": "websk/php-config",
            "version": "2.0.0",
            "source": {
                "type": "git",
                "url": "https://github.com/websk/php-config.git",
                "reference": "57f0481617988daffea45ef871f78a09dc58f233"
            },
            "dist": {
                "type": "zip",
                "url": "https://api.github.com/repos/websk/php-config/zipball/57f0481617988daffea45ef871f78a09dc58f233",
                "reference": "57f0481617988daffea45ef871f78a09dc58f233",
                "shasum": ""
            },
            "require": {
                "php": "^8.3"
            },
            "type": "library",
            "autoload": {
                "psr-4": {
                    "": "src/"
                }
            },
            "notification-url": "https://packagist.org/downloads/",
            "description": "PHP configs wrapper",
            "homepage": "https://websk.ru/",
            "support": {
                "issues": "https://github.com/websk/php-config/issues",
                "source": "https://github.com/websk/php-config/tree/2.0.0"
            },
            "time": "2024-08-08T07:17:03+00:00"
        },
        {
            "name": "websk/php-simple-router",
            "version": "2.1.0",
            "source": {
                "type": "git",
                "url": "https://github.com/websk/php-simple-router.git",
                "reference": "528c539f246bd115fe51fef548b3decd788acfb3"
            },
            "dist": {
                "type": "zip",
                "url": "https://api.github.com/repos/websk/php-simple-router/zipball/528c539f246bd115fe51fef548b3decd788acfb3",
                "reference": "528c539f246bd115fe51fef548b3decd788acfb3",
                "shasum": ""
            },
            "require": {
                "ext-xmlwriter": "*",
                "php": "^8.3",
                "websk/php-config": "2.0.*",
                "websk/php-utils": "2.1.*"
            },
            "type": "library",
            "autoload": {
                "psr-4": {
                    "": "src/"
                }
            },
            "notification-url": "https://packagist.org/downloads/",
            "support": {
                "issues": "https://github.com/websk/php-simple-router/issues",
                "source": "https://github.com/websk/php-simple-router/tree/2.1.0"
            },
            "time": "2025-03-26T06:10:34+00:00"
        },
        {
            "name": "websk/php-utils",
            "version": "2.1.1",
            "source": {
                "type": "git",
                "url": "https://github.com/websk/php-utils.git",
                "reference": "1fe69ffbf539aa62aa536b1ac11b09759f41e71e"
            },
            "dist": {
                "type": "zip",
                "url": "https://api.github.com/repos/websk/php-utils/zipball/1fe69ffbf539aa62aa536b1ac11b09759f41e71e",
                "reference": "1fe69ffbf539aa62aa536b1ac11b09759f41e71e",
                "shasum": ""
            },
            "require": {
                "ext-json": "*",
                "ext-mbstring": "*",
                "php": "^8.3"
            },
            "type": "library",
            "autoload": {
                "psr-4": {
                    "": "src/"
                }
            },
            "notification-url": "https://packagist.org/downloads/",
            "description": "PHP utils",
            "support": {
                "issues": "https://github.com/websk/php-utils/issues",
                "source": "https://github.com/websk/php-utils/tree/2.1.1"
            },
            "time": "2025-03-25T05:39:40+00:00"
        }
    ],
    "packages-dev": [],
    "aliases": [],
    "minimum-stability": "stable",
    "stability-flags": {},
    "prefer-stable": false,
    "prefer-lowest": false,
    "platform": {
        "php": "^8.3",
        "ext-mbstring": "*",
        "ext-json": "*",
        "ext-gd": "*"
    },
    "platform-dev": {},
    "plugin-api-version": "2.6.0"
}
