{
    "_readme": [
        "This file locks the dependencies of your project to a known state",
        "Read more about it at https://getcomposer.org/doc/01-basic-usage.md#installing-dependencies",
        "This file is @generated automatically"
    ],
    "content-hash": "977e2b645911af55db554ade5782cd76",
    "packages": [
        {
            "name": "imagine/imagine",
            "version": "v0.6.3",
            "source": {
                "type": "git",
                "url": "https://github.com/php-imagine/Imagine.git",
                "reference": "149041d2a1b517107bfe270ca2b1a17aa341715d"
            },
            "dist": {
                "type": "zip",
                "url": "https://api.github.com/repos/php-imagine/Imagine/zipball/149041d2a1b517107bfe270ca2b1a17aa341715d",
                "reference": "149041d2a1b517107bfe270ca2b1a17aa341715d",
                "shasum": ""
            },
            "require": {
                "php": ">=5.3.2"
            },
            "require-dev": {
                "sami/sami": "dev-master"
            },
            "suggest": {
                "ext-gd": "to use the GD implementation",
                "ext-gmagick": "to use the Gmagick implementation",
                "ext-imagick": "to use the Imagick implementation"
            },
            "type": "library",
            "extra": {
                "branch-alias": {
                    "dev-develop": "0.7-dev"
                }
            },
            "autoload": {
                "psr-0": {
                    "Imagine": "lib/"
                }
            },
            "notification-url": "https://packagist.org/downloads/",
            "license": [
                "MIT"
            ],
            "authors": [
                {
                    "name": "Bulat Shakirzyanov",
                    "email": "mallluhuct@gmail.com",
                    "homepage": "http://avalanche123.com"
                }
            ],
            "description": "Image processing for PHP 5.3",
            "homepage": "http://imagine.readthedocs.org/",
            "keywords": [
                "drawing",
                "graphics",
                "image manipulation",
                "image processing"
            ],
            "support": {
                "issues": "https://github.com/php-imagine/Imagine/issues",
                "source": "https://github.com/php-imagine/Imagine/tree/v0.6.3"
            },
            "time": "2015-09-19T16:54:05+00:00"
        },
        {
            "name": "websk/php-config",
            "version": "2.0.0",
            "source": {
                "type": "git",
                "url": "https://github.com/websk/php-config.git",
                "reference": "57f0481617988daffea45ef871f78a09dc58f233"
            },
            "dist": {
                "type": "zip",
                "url": "https://api.github.com/repos/websk/php-config/zipball/57f0481617988daffea45ef871f78a09dc58f233",
                "reference": "57f0481617988daffea45ef871f78a09dc58f233",
                "shasum": ""
            },
            "require": {
                "php": "^8.3"
            },
            "type": "library",
            "autoload": {
                "psr-4": {
                    "": "src/"
                }
            },
            "notification-url": "https://packagist.org/downloads/",
            "description": "PHP configs wrapper",
            "homepage": "https://websk.ru/",
            "support": {
                "issues": "https://github.com/websk/php-config/issues",
                "source": "https://github.com/websk/php-config/tree/2.0.0"
            },
            "time": "2024-08-08T07:17:03+00:00"
        },
        {
            "name": "websk/php-simple-router",
            "version": "2.0.0",
            "source": {
                "type": "git",
                "url": "https://github.com/websk/php-simple-router.git",
                "reference": "db040101697f3e5f14c06cfd7dfdc9d8a70f3d6f"
            },
            "dist": {
                "type": "zip",
                "url": "https://api.github.com/repos/websk/php-simple-router/zipball/db040101697f3e5f14c06cfd7dfdc9d8a70f3d6f",
                "reference": "db040101697f3e5f14c06cfd7dfdc9d8a70f3d6f",
                "shasum": ""
            },
            "require": {
                "ext-xmlwriter": "*",
                "php": "^8.3",
                "websk/php-config": "2.0.*",
                "websk/php-utils": "2.0.*"
            },
            "type": "library",
            "autoload": {
                "psr-4": {
                    "": "src/"
                }
            },
            "notification-url": "https://packagist.org/downloads/",
            "support": {
                "issues": "https://github.com/websk/php-simple-router/issues",
                "source": "https://github.com/websk/php-simple-router/tree/2.0.0"
            },
            "time": "2024-08-21T17:42:00+00:00"
        },
        {
            "name": "websk/php-utils",
            "version": "2.0.0",
            "source": {
                "type": "git",
                "url": "https://github.com/websk/php-utils.git",
                "reference": "ba0e4ab23f2e91f24769d2c74042e6b993724974"
            },
            "dist": {
                "type": "zip",
                "url": "https://api.github.com/repos/websk/php-utils/zipball/ba0e4ab23f2e91f24769d2c74042e6b993724974",
                "reference": "ba0e4ab23f2e91f24769d2c74042e6b993724974",
                "shasum": ""
            },
            "require": {
                "ext-json": "*",
                "ext-mbstring": "*",
                "php": "^8.3",
                "websk/php-config": "2.0.*"
            },
            "type": "library",
            "autoload": {
                "psr-4": {
                    "": "src/"
                }
            },
            "notification-url": "https://packagist.org/downloads/",
            "description": "PHP utils",
            "support": {
                "issues": "https://github.com/websk/php-utils/issues",
                "source": "https://github.com/websk/php-utils/tree/2.0.0"
            },
            "time": "2024-08-08T07:42:18+00:00"
        }
    ],
    "packages-dev": [],
    "aliases": [],
    "minimum-stability": "stable",
    "stability-flags": [],
    "prefer-stable": false,
    "prefer-lowest": false,
    "platform": {
        "php": "^8.3",
        "ext-mbstring": "*",
        "ext-json": "*",
        "ext-gd": "*"
    },
    "platform-dev": [],
    "plugin-api-version": "2.3.0"
}
